
Microsoft Visual Studio Solution File, Format Version 12.00
# Visual Studio Version 17
VisualStudioVersion = 17.11.35312.102
MinimumVisualStudioVersion = 10.0.40219.1
Project("{9A19103F-16F7-4668-BE54-9A1E7A4F7556}") = "SingleResponsibilityPriniciple(SRP)Demo", "SingleResponsibilityPriniciple(SRP)Demo\SingleResponsibilityPriniciple(SRP)Demo.csproj", "{73411ED5-D1BF-49F6-AA99-EFADDF2C938D}"
EndProject
Project("{FAE04EC0-301F-11D3-BF4B-00C04F79EFBC}") = "OpenClosedPrinciple(OCP)Demo", "OpenClosedPrinciple(OCP)Demo\OpenClosedPrinciple(OCP)Demo.csproj", "{F8742043-0F7D-477E-AAC4-C13334B27EC1}"
EndProject
Global
	GlobalSection(SolutionConfigurationPlatforms) = preSolution
		Debug|Any CPU = Debug|Any CPU
		Release|Any CPU = Release|Any CPU
	EndGlobalSection
	GlobalSection(ProjectConfigurationPlatforms) = postSolution
		{73411ED5-D1BF-49F6-AA99-EFADDF2C938D}.Debug|Any CPU.ActiveCfg = Debug|Any CPU
		{73411ED5-D1BF-49F6-AA99-EFADDF2C938D}.Debug|Any CPU.Build.0 = Debug|Any CPU
		{73411ED5-D1BF-49F6-AA99-EFADDF2C938D}.Release|Any CPU.ActiveCfg = Release|Any CPU
		{73411ED5-D1BF-49F6-AA99-EFADDF2C938D}.Release|Any CPU.Build.0 = Release|Any CPU
		{F8742043-0F7D-477E-AAC4-C13334B27EC1}.Debug|Any CPU.ActiveCfg = Debug|Any CPU
		{F8742043-0F7D-477E-AAC4-C13334B27EC1}.Debug|Any CPU.Build.0 = Debug|Any CPU
		{F8742043-0F7D-477E-AAC4-C13334B27EC1}.Release|Any CPU.ActiveCfg = Release|Any CPU
		{F8742043-0F7D-477E-AAC4-C13334B27EC1}.Release|Any CPU.Build.0 = Release|Any CPU
	EndGlobalSection
	GlobalSection(SolutionProperties) = preSolution
		HideSolutionNode = FALSE
	EndGlobalSection
	GlobalSection(ExtensibilityGlobals) = postSolution
		SolutionGuid = {127AFFF1-2DB5-432D-AE3D-AA6EB0627EFF}
	EndGlobalSection
EndGlobal
